
Microsoft Visual Studio Solution File, Format Version 12.00
# Visual Studio Version 16
VisualStudioVersion = 16.0.34601.136
MinimumVisualStudioVersion = 10.0.40219.1
Project("{F184B08F-C81C-45F6-A57F-5ABD9991F28F}") = "OLSMG TRS", "OLSMG TRS\OLSMG TRS.vbproj", "{6A80E186-8759-4EA7-8A53-288C0F2D4A8A}"
EndProject
Global
	GlobalSection(SolutionConfigurationPlatforms) = preSolution
		Debug|Any CPU = Debug|Any CPU
		Release|Any CPU = Release|Any CPU
	EndGlobalSection
	GlobalSection(ProjectConfigurationPlatforms) = postSolution
		{6A80E186-8759-4EA7-8A53-288C0F2D4A8A}.Debug|Any CPU.ActiveCfg = Debug|Any CPU
		{6A80E186-8759-4EA7-8A53-288C0F2D4A8A}.Debug|Any CPU.Build.0 = Debug|Any CPU
		{6A80E186-8759-4EA7-8A53-288C0F2D4A8A}.Release|Any CPU.ActiveCfg = Release|Any CPU
		{6A80E186-8759-4EA7-8A53-288C0F2D4A8A}.Release|Any CPU.Build.0 = Release|Any CPU
	EndGlobalSection
	GlobalSection(SolutionProperties) = preSolution
		HideSolutionNode = FALSE
	EndGlobalSection
	GlobalSection(ExtensibilityGlobals) = postSolution
		SolutionGuid = {35F0DCFC-6488-414E-90BE-0B1D4554B890}
	EndGlobalSection
EndGlobal
